// !$*UTF8*$!
{
	archiveVersion = 1;
	classes = {
	};
	objectVersion = 50;
	objects = {

/* Begin PBXBuildFile section */
		BBEDDD5723BF11C800C27922 /* FullModal.swift in Sources */ = {isa = PBXBuildFile; fileRef = BBEDDD5623BF11C800C27922 /* FullModal.swift */; };
		BBEDDD5923BF121100C27922 /* ModalView.swift in Sources */ = {isa = PBXBuildFile; fileRef = BBEDDD5823BF121100C27922 /* ModalView.swift */; };
		BBF2F79823BE5B5F002FC29D /* AppDelegate.swift in Sources */ = {isa = PBXBuildFile; fileRef = BBF2F79723BE5B5F002FC29D /* AppDelegate.swift */; };
		BBF2F79A23BE5B5F002FC29D /* SceneDelegate.swift in Sources */ = {isa = PBXBuildFile; fileRef = BBF2F79923BE5B5F002FC29D /* SceneDelegate.swift */; };
		BBF2F79C23BE5B5F002FC29D /* ContentView.swift in Sources */ = {isa = PBXBuildFile; fileRef = BBF2F79B23BE5B5F002FC29D /* ContentView.swift */; };
		BBF2F79E23BE5B63002FC29D /* Assets.xcassets in Resources */ = {isa = PBXBuildFile; fileRef = BBF2F79D23BE5B63002FC29D /* Assets.xcassets */; };
		BBF2F7A123BE5B63002FC29D /* Preview Assets.xcassets in Resources */ = {isa = PBXBuildFile; fileRef = BBF2F7A023BE5B63002FC29D /* Preview Assets.xcassets */; };
		BBF2F7A423BE5B63002FC29D /* LaunchScreen.storyboard in Resources */ = {isa = PBXBuildFile; fileRef = BBF2F7A223BE5B63002FC29D /* LaunchScreen.storyboard */; };
/* End PBXBuildFile section */

/* Begin PBXFileReference section */
		BBEDDD5623BF11C800C27922 /* FullModal.swift */ = {isa = PBXFileReference; lastKnownFileType = sourcecode.swift; path = FullModal.swift; sourceTree = "<group>"; };
		BBEDDD5823BF121100C27922 /* ModalView.swift */ = {isa = PBXFileReference; lastKnownFileType = sourcecode.swift; path = ModalView.swift; sourceTree = "<group>"; };
		BBF2F79423BE5B5F002FC29D /* FullScreenModal.app */ = {isa = PBXFileReference; explicitFileType = wrapper.application; includeInIndex = 0; path = FullScreenModal.app; sourceTree = BUILT_PRODUCTS_DIR; };
		BBF2F79723BE5B5F002FC29D /* AppDelegate.swift */ = {isa = PBXFileReference; lastKnownFileType = sourcecode.swift; path = AppDelegate.swift; sourceTree = "<group>"; };
		BBF2F79923BE5B5F002FC29D /* SceneDelegate.swift */ = {isa = PBXFileReference; lastKnownFileType = sourcecode.swift; path = SceneDelegate.swift; sourceTree = "<group>"; };
		BBF2F79B23BE5B5F002FC29D /* ContentView.swift */ = {isa = PBXFileReference; lastKnownFileType = sourcecode.swift; path = ContentView.swift; sourceTree = "<group>"; };
		BBF2F79D23BE5B63002FC29D /* Assets.xcassets */ = {isa = PBXFileReference; lastKnownFileType = folder.assetcatalog; path = Assets.xcassets; sourceTree = "<group>"; };
		BBF2F7A023BE5B63002FC29D /* Preview Assets.xcassets */ = {isa = PBXFileReference; lastKnownFileType = folder.assetcatalog; path = "Preview Assets.xcassets"; sourceTree = "<group>"; };
		BBF2F7A323BE5B63002FC29D /* Base */ = {isa = PBXFileReference; lastKnownFileType = file.storyboard; name = Base; path = Base.lproj/LaunchScreen.storyboard; sourceTree = "<group>"; };
		BBF2F7A523BE5B63002FC29D /* Info.plist */ = {isa = PBXFileReference; lastKnownFileType = text.plist.xml; path = Info.plist; sourceTree = "<group>"; };
/* End PBXFileReference section */

/* Begin PBXFrameworksBuildPhase section */
		BBF2F79123BE5B5F002FC29D /* Frameworks */ = {
			isa = PBXFrameworksBuildPhase;
			buildActionMask = 2147483647;
			files = (
			);
			runOnlyForDeploymentPostprocessing = 0;
		};
/* End PBXFrameworksBuildPhase section */

/* Begin PBXGroup section */
		BBF2F78B23BE5B5F002FC29D = {
			isa = PBXGroup;
			children = (
				BBF2F79623BE5B5F002FC29D /* FullScreenModal */,
				BBF2F79523BE5B5F002FC29D /* Products */,
			);
			sourceTree = "<group>";
		};
		BBF2F79523BE5B5F002FC29D /* Products */ = {
			isa = PBXGroup;
			children = (
				BBF2F79423BE5B5F002FC29D /* FullScreenModal.app */,
			);
			name = Products;
			sourceTree = "<group>";
		};
		BBF2F79623BE5B5F002FC29D /* FullScreenModal */ = {
			isa = PBXGroup;
			children = (
				BBF2F79723BE5B5F002FC29D /* AppDelegate.swift */,
				BBF2F79923BE5B5F002FC29D /* SceneDelegate.swift */,
				BBF2F79B23BE5B5F002FC29D /* ContentView.swift */,
				BBEDDD5823BF121100C27922 /* ModalView.swift */,
				BBEDDD5623BF11C800C27922 /* FullModal.swift */,
				BBF2F79D23BE5B63002FC29D /* Assets.xcassets */,
				BBF2F7A223BE5B63002FC29D /* LaunchScreen.storyboard */,
				BBF2F7A523BE5B63002FC29D /* Info.plist */,
				BBF2F79F23BE5B63002FC29D /* Preview Content */,
			);
			path = FullScreenModal;
			sourceTree = "<group>";
		};
		BBF2F79F23BE5B63002FC29D /* Preview Content */ = {
			isa = PBXGroup;
			children = (
				BBF2F7A023BE5B63002FC29D /* Preview Assets.xcassets */,
			);
			path = "Preview Content";
			sourceTree = "<group>";
		};
/* End PBXGroup section */

/* Begin PBXNativeTarget section */
		BBF2F79323BE5B5F002FC29D /* FullScreenModal */ = {
			isa = PBXNativeTarget;
			buildConfigurationList = BBF2F7A823BE5B63002FC29D /* Build configuration list for PBXNativeTarget "FullScreenModal" */;
			buildPhases = (
				BBF2F79023BE5B5F002FC29D /* Sources */,
				BBF2F79123BE5B5F002FC29D /* Frameworks */,
				BBF2F79223BE5B5F002FC29D /* Resources */,
			);
			buildRules = (
			);
			dependencies = (
			);
			name = FullScreenModal;
			productName = FullScreenModal;
			productReference = BBF2F79423BE5B5F002FC29D /* FullScreenModal.app */;
			productType = "com.apple.product-type.application";
		};
/* End PBXNativeTarget section */

/* Begin PBXProject section */
		BBF2F78C23BE5B5F002FC29D /* Project object */ = {
			isa = PBXProject;
			attributes = {
				LastSwiftUpdateCheck = 1130;
				LastUpgradeCheck = 1130;
				ORGANIZATIONNAME = "CreaTECH Solutions";
				TargetAttributes = {
					BBF2F79323BE5B5F002FC29D = {
						CreatedOnToolsVersion = 11.3;
					};
				};
			};
			buildConfigurationList = BBF2F78F23BE5B5F002FC29D /* Build configuration list for PBXProject "FullScreenModal" */;
			compatibilityVersion = "Xcode 9.3";
			developmentRegion = en;
			hasScannedForEncodings = 0;
			knownRegions = (
				en,
				Base,
			);
			mainGroup = BBF2F78B23BE5B5F002FC29D;
			productRefGroup = BBF2F79523BE5B5F002FC29D /* Products */;
			projectDirPath = "";
			projectRoot = "";
			targets = (
				BBF2F79323BE5B5F002FC29D /* FullScreenModal */,
			);
		};
/* End PBXProject section */

/* Begin PBXResourcesBuildPhase section */
		BBF2F79223BE5B5F002FC29D /* Resources */ = {
			isa = PBXResourcesBuildPhase;
			buildActionMask = 2147483647;
			files = (
				BBF2F7A423BE5B63002FC29D /* LaunchScreen.storyboard in Resources */,
				BBF2F7A123BE5B63002FC29D /* Preview Assets.xcassets in Resources */,
				BBF2F79E23BE5B63002FC29D /* Assets.xcassets in Resources */,
			);
			runOnlyForDeploymentPostprocessing = 0;
		};
/* End PBXResourcesBuildPhase section */

/* Begin PBXSourcesBuildPhase section */
		BBF2F79023BE5B5F002FC29D /* Sources */ = {
			isa = PBXSourcesBuildPhase;
			buildActionMask = 2147483647;
			files = (
				BBF2F79823BE5B5F002FC29D /* AppDelegate.swift in Sources */,
				BBF2F79A23BE5B5F002FC29D /* SceneDelegate.swift in Sources */,
				BBEDDD5723BF11C800C27922 /* FullModal.swift in Sources */,
				BBF2F79C23BE5B5F002FC29D /* ContentView.swift in Sources */,
				BBEDDD5923BF121100C27922 /* ModalView.swift in Sources */,
			);
			runOnlyForDeploymentPostprocessing = 0;
		};
/* End PBXSourcesBuildPhase section */

/* Begin PBXVariantGroup section */
		BBF2F7A223BE5B63002FC29D /* LaunchScreen.storyboard */ = {
			isa = PBXVariantGroup;
			children = (
				BBF2F7A323BE5B63002FC29D /* Base */,
			);
			name = LaunchScreen.storyboard;
			sourceTree = "<group>";
		};
/* End PBXVariantGroup section */

/* Begin XCBuildConfiguration section */
		BBF2F7A623BE5B63002FC29D /* Debug */ = {
			isa = XCBuildConfiguration;
			buildSettings = {
				ALWAYS_SEARCH_USER_PATHS = NO;
				CLANG_ANALYZER_NONNULL = YES;
				CLANG_ANALYZER_NUMBER_OBJECT_CONVERSION = YES_AGGRESSIVE;
				CLANG_CXX_LANGUAGE_STANDARD = "gnu++14";
				CLANG_CXX_LIBRARY = "libc++";
				CLANG_ENABLE_MODULES = YES;
				CLANG_ENABLE_OBJC_ARC = YES;
				CLANG_ENABLE_OBJC_WEAK = YES;
				CLANG_WARN_BLOCK_CAPTURE_AUTORELEASING = YES;
				CLANG_WARN_BOOL_CONVERSION = YES;
				CLANG_WARN_COMMA = YES;
				CLANG_WARN_CONSTANT_CONVERSION = YES;
				CLANG_WARN_DEPRECATED_OBJC_IMPLEMENTATIONS = YES;
				CLANG_WARN_DIRECT_OBJC_ISA_USAGE = YES_ERROR;
				CLANG_WARN_DOCUMENTATION_COMMENTS = YES;
				CLANG_WARN_EMPTY_BODY = YES;
				CLANG_WARN_ENUM_CONVERSION = YES;
				CLANG_WARN_INFINITE_RECURSION = YES;
				CLANG_WARN_INT_CONVERSION = YES;
				CLANG_WARN_NON_LITERAL_NULL_CONVERSION = YES;
				CLANG_WARN_OBJC_IMPLICIT_RETAIN_SELF = YES;
				CLANG_WARN_OBJC_LITERAL_CONVERSION = YES;
				CLANG_WARN_OBJC_ROOT_CLASS = YES_ERROR;
				CLANG_WARN_RANGE_LOOP_ANALYSIS = YES;
				CLANG_WARN_STRICT_PROTOTYPES = YES;
				CLANG_WARN_SUSPICIOUS_MOVE = YES;
				CLANG_WARN_UNGUARDED_AVAILABILITY = YES_AGGRESSIVE;
				CLANG_WARN_UNREACHABLE_CODE = YES;
				CLANG_WARN__DUPLICATE_METHOD_MATCH = YES;
				COPY_PHASE_STRIP = NO;
				DEBUG_INFORMATION_FORMAT = dwarf;
				ENABLE_STRICT_OBJC_MSGSEND = YES;
				ENABLE_TESTABILITY = YES;
				GCC_C_LANGUAGE_STANDARD = gnu11;
				GCC_DYNAMIC_NO_PIC = NO;
				GCC_NO_COMMON_BLOCKS = YES;
				GCC_OPTIMIZATION_LEVEL = 0;
				GCC_PREPROCESSOR_DEFINITIONS = (
					"DEBUG=1",
					"$(inherited)",
				);
				GCC_WARN_64_TO_32_BIT_CONVERSION = YES;
				GCC_WARN_ABOUT_RETURN_TYPE = YES_ERROR;
				GCC_WARN_UNDECLARED_SELECTOR = YES;
				GCC_WARN_UNINITIALIZED_AUTOS = YES_AGGRESSIVE;
				GCC_WARN_UNUSED_FUNCTION = YES;
				GCC_WARN_UNUSED_VARIABLE = YES;
				IPHONEOS_DEPLOYMENT_TARGET = 13.2;
				MTL_ENABLE_DEBUG_INFO = INCLUDE_SOURCE;
				MTL_FAST_MATH = YES;
				ONLY_ACTIVE_ARCH = YES;
				SDKROOT = iphoneos;
				SWIFT_ACTIVE_COMPILATION_CONDITIONS = DEBUG;
				SWIFT_OPTIMIZATION_LEVEL = "-Onone";
			};
			name = Debug;
		};
		BBF2F7A723BE5B63002FC29D /* Release */ = {
			isa = XCBuildConfiguration;
			buildSettings = {
				ALWAYS_SEARCH_USER_PATHS = NO;
				CLANG_ANALYZER_NONNULL = YES;
				CLANG_ANALYZER_NUMBER_OBJECT_CONVERSION = YES_AGGRESSIVE;
				CLANG_CXX_LANGUAGE_STANDARD = "gnu++14";
				CLANG_CXX_LIBRARY = "libc++";
				CLANG_ENABLE_MODULES = YES;
				CLANG_ENABLE_OBJC_ARC = YES;
				CLANG_ENABLE_OBJC_WEAK = YES;
				CLANG_WARN_BLOCK_CAPTURE_AUTORELEASING = YES;
				CLANG_WARN_BOOL_CONVERSION = YES;
				CLANG_WARN_COMMA = YES;
				CLANG_WARN_CONSTANT_CONVERSION = YES;
				CLANG_WARN_DEPRECATED_OBJC_IMPLEMENTATIONS = YES;
				CLANG_WARN_DIRECT_OBJC_ISA_USAGE = YES_ERROR;
				CLANG_WARN_DOCUMENTATION_COMMENTS = YES;
				CLANG_WARN_EMPTY_BODY = YES;
				CLANG_WARN_ENUM_CONVERSION = YES;
				CLANG_WARN_INFINITE_RECURSION = YES;
				CLANG_WARN_INT_CONVERSION = YES;
				CLANG_WARN_NON_LITERAL_NULL_CONVERSION = YES;
				CLANG_WARN_OBJC_IMPLICIT_RETAIN_SELF = YES;
				CLANG_WARN_OBJC_LITERAL_CONVERSION = YES;
				CLANG_WARN_OBJC_ROOT_CLASS = YES_ERROR;
				CLANG_WARN_RANGE_LOOP_ANALYSIS = YES;
				CLANG_WARN_STRICT_PROTOTYPES = YES;
				CLANG_WARN_SUSPICIOUS_MOVE = YES;
				CLANG_WARN_UNGUARDED_AVAILABILITY = YES_AGGRESSIVE;
				CLANG_WARN_UNREACHABLE_CODE = YES;
				CLANG_WARN__DUPLICATE_METHOD_MATCH = YES;
				COPY_PHASE_STRIP = NO;
				DEBUG_INFORMATION_FORMAT = "dwarf-with-dsym";
				ENABLE_NS_ASSERTIONS = NO;
				ENABLE_STRICT_OBJC_MSGSEND = YES;
				GCC_C_LANGUAGE_STANDARD = gnu11;
				GCC_NO_COMMON_BLOCKS = YES;
				GCC_WARN_64_TO_32_BIT_CONVERSION = YES;
				GCC_WARN_ABOUT_RETURN_TYPE = YES_ERROR;
				GCC_WARN_UNDECLARED_SELECTOR = YES;
				GCC_WARN_UNINITIALIZED_AUTOS = YES_AGGRESSIVE;
				GCC_WARN_UNUSED_FUNCTION = YES;
				GCC_WARN_UNUSED_VARIABLE = YES;
				IPHONEOS_DEPLOYMENT_TARGET = 13.2;
				MTL_ENABLE_DEBUG_INFO = NO;
				MTL_FAST_MATH = YES;
				SDKROOT = iphoneos;
				SWIFT_COMPILATION_MODE = wholemodule;
				SWIFT_OPTIMIZATION_LEVEL = "-O";
				VALIDATE_PRODUCT = YES;
			};
			name = Release;
		};
		BBF2F7A923BE5B63002FC29D /* Debug */ = {
			isa = XCBuildConfiguration;
			buildSettings = {
				ASSETCATALOG_COMPILER_APPICON_NAME = AppIcon;
				CODE_SIGN_STYLE = Automatic;
				DEVELOPMENT_ASSET_PATHS = "\"FullScreenModal/Preview Content\"";
				DEVELOPMENT_TEAM = RKV4UP49S6;
				ENABLE_PREVIEWS = YES;
				INFOPLIST_FILE = FullScreenModal/Info.plist;
				LD_RUNPATH_SEARCH_PATHS = (
					"$(inherited)",
					"@executable_path/Frameworks",
				);
				PRODUCT_BUNDLE_IDENTIFIER = com.createchsol.FullScreenModal;
				PRODUCT_NAME = "$(TARGET_NAME)";
				SWIFT_VERSION = 5.0;
				TARGETED_DEVICE_FAMILY = "1,2";
			};
			name = Debug;
		};
		BBF2F7AA23BE5B63002FC29D /* Release */ = {
			isa = XCBuildConfiguration;
			buildSettings = {
				ASSETCATALOG_COMPILER_APPICON_NAME = AppIcon;
				CODE_SIGN_STYLE = Automatic;
				DEVELOPMENT_ASSET_PATHS = "\"FullScreenModal/Preview Content\"";
				DEVELOPMENT_TEAM = RKV4UP49S6;
				ENABLE_PREVIEWS = YES;
				INFOPLIST_FILE = FullScreenModal/Info.plist;
				LD_RUNPATH_SEARCH_PATHS = (
					"$(inherited)",
					"@executable_path/Frameworks",
				);
				PRODUCT_BUNDLE_IDENTIFIER = com.createchsol.FullScreenModal;
				PRODUCT_NAME = "$(TARGET_NAME)";
				SWIFT_VERSION = 5.0;
				TARGETED_DEVICE_FAMILY = "1,2";
			};
			name = Release;
		};
/* End XCBuildConfiguration section */

/* Begin XCConfigurationList section */
		BBF2F78F23BE5B5F002FC29D /* Build configuration list for PBXProject "FullScreenModal" */ = {
			isa = XCConfigurationList;
			buildConfigurations = (
				BBF2F7A623BE5B63002FC29D /* Debug */,
				BBF2F7A723BE5B63002FC29D /* Release */,
			);
			defaultConfigurationIsVisible = 0;
			defaultConfigurationName = Release;
		};
		BBF2F7A823BE5B63002FC29D /* Build configuration list for PBXNativeTarget "FullScreenModal" */ = {
			isa = XCConfigurationList;
			buildConfigurations = (
				BBF2F7A923BE5B63002FC29D /* Debug */,
				BBF2F7AA23BE5B63002FC29D /* Release */,
			);
			defaultConfigurationIsVisible = 0;
			defaultConfigurationName = Release;
		};
/* End XCConfigurationList section */
	};
	rootObject = BBF2F78C23BE5B5F002FC29D /* Project object */;
}
